
Microsoft Visual Studio Solution File, Format Version 12.00
# Visual Studio 2013
VisualStudioVersion = 12.0.40629.0
MinimumVisualStudioVersion = 10.0.40219.1
Project("{8BC9CEB8-8B4A-11D0-8D11-00A0C91BC942}") = "Qplayer", "Qplayer.vcxproj", "{02B1319F-120A-47FD-87AE-ACC5EDB4B542}"
EndProject
Project("{8BC9CEB8-8B4A-11D0-8D11-00A0C91BC942}") = "qplayer_test", "..\Qplayer_test\TopvdnWinSDK_Demo.vcxproj", "{8F6ADF23-ACB9-4BE7-836B-9B5A9A323BC0}"
EndProject
Global
	GlobalSection(SolutionConfigurationPlatforms) = preSolution
		debug_md|Win32 = debug_md|Win32
		Debug|Win32 = Debug|Win32
		Release|Win32 = Release|Win32
	EndGlobalSection
	GlobalSection(ProjectConfigurationPlatforms) = postSolution
		{02B1319F-120A-47FD-87AE-ACC5EDB4B542}.debug_md|Win32.ActiveCfg = Debug|Win32
		{02B1319F-120A-47FD-87AE-ACC5EDB4B542}.debug_md|Win32.Build.0 = Debug|Win32
		{02B1319F-120A-47FD-87AE-ACC5EDB4B542}.Debug|Win32.ActiveCfg = Debug|Win32
		{02B1319F-120A-47FD-87AE-ACC5EDB4B542}.Debug|Win32.Build.0 = Debug|Win32
		{02B1319F-120A-47FD-87AE-ACC5EDB4B542}.Release|Win32.ActiveCfg = Release|Win32
		{02B1319F-120A-47FD-87AE-ACC5EDB4B542}.Release|Win32.Build.0 = Release|Win32
		{8F6ADF23-ACB9-4BE7-836B-9B5A9A323BC0}.debug_md|Win32.ActiveCfg = debug_md|Win32
		{8F6ADF23-ACB9-4BE7-836B-9B5A9A323BC0}.debug_md|Win32.Build.0 = debug_md|Win32
		{8F6ADF23-ACB9-4BE7-836B-9B5A9A323BC0}.Debug|Win32.ActiveCfg = Debug|Win32
		{8F6ADF23-ACB9-4BE7-836B-9B5A9A323BC0}.Debug|Win32.Build.0 = Debug|Win32
		{8F6ADF23-ACB9-4BE7-836B-9B5A9A323BC0}.Release|Win32.ActiveCfg = Release|Win32
		{8F6ADF23-ACB9-4BE7-836B-9B5A9A323BC0}.Release|Win32.Build.0 = Release|Win32
	EndGlobalSection
	GlobalSection(SolutionProperties) = preSolution
		HideSolutionNode = FALSE
	EndGlobalSection
EndGlobal
